
Microsoft Visual Studio Solution File, Format Version 12.00
# Visual Studio Version 17
VisualStudioVersion = 17.4.33213.308
MinimumVisualStudioVersion = 10.0.40219.1
Project("{FAE04EC0-301F-11D3-BF4B-00C04F79EFBC}") = "TestUnit1", "TestUnit1\TestUnit1.csproj", "{A4B510B9-43DD-4776-BDAE-9C8A484794F7}"
EndProject
Global
	GlobalSection(SolutionConfigurationPlatforms) = preSolution
		Debug|Any CPU = Debug|Any CPU
		Release|Any CPU = Release|Any CPU
	EndGlobalSection
	GlobalSection(ProjectConfigurationPlatforms) = postSolution
		{A4B510B9-43DD-4776-BDAE-9C8A484794F7}.Debug|Any CPU.ActiveCfg = Debug|Any CPU
		{A4B510B9-43DD-4776-BDAE-9C8A484794F7}.Debug|Any CPU.Build.0 = Debug|Any CPU
		{A4B510B9-43DD-4776-BDAE-9C8A484794F7}.Release|Any CPU.ActiveCfg = Release|Any CPU
		{A4B510B9-43DD-4776-BDAE-9C8A484794F7}.Release|Any CPU.Build.0 = Release|Any CPU
	EndGlobalSection
	GlobalSection(SolutionProperties) = preSolution
		HideSolutionNode = FALSE
	EndGlobalSection
	GlobalSection(ExtensibilityGlobals) = postSolution
		SolutionGuid = {9385D336-1B94-4325-9D1D-B480025129F0}
	EndGlobalSection
EndGlobal
